
Microsoft Visual Studio Solution File, Format Version 12.00
# Visual Studio Version 17
VisualStudioVersion = 17.14.36212.18 d17.14
MinimumVisualStudioVersion = 10.0.40219.1
Project("{FAE04EC0-301F-11D3-BF4B-00C04F79EFBC}") = "Hospital_Management_System", "Hospital_Management_System\Hospital_Management_System.csproj", "{C1227CC5-A825-4C21-A87C-BE0138768D39}"
EndProject
Global
	GlobalSection(SolutionConfigurationPlatforms) = preSolution
		Debug|Any CPU = Debug|Any CPU
		Release|Any CPU = Release|Any CPU
	EndGlobalSection
	GlobalSection(ProjectConfigurationPlatforms) = postSolution
		{C1227CC5-A825-4C21-A87C-BE0138768D39}.Debug|Any CPU.ActiveCfg = Debug|Any CPU
		{C1227CC5-A825-4C21-A87C-BE0138768D39}.Debug|Any CPU.Build.0 = Debug|Any CPU
		{C1227CC5-A825-4C21-A87C-BE0138768D39}.Release|Any CPU.ActiveCfg = Release|Any CPU
		{C1227CC5-A825-4C21-A87C-BE0138768D39}.Release|Any CPU.Build.0 = Release|Any CPU
	EndGlobalSection
	GlobalSection(SolutionProperties) = preSolution
		HideSolutionNode = FALSE
	EndGlobalSection
	GlobalSection(ExtensibilityGlobals) = postSolution
		SolutionGuid = {2D9A3E07-7B7C-4937-ACD9-7057D72F0105}
	EndGlobalSection
EndGlobal
